
Microsoft Visual Studio Solution File, Format Version 12.00
# Visual Studio Version 16
VisualStudioVersion = 16.0.30804.86
MinimumVisualStudioVersion = 10.0.40219.1
Project("{FAE04EC0-301F-11D3-BF4B-00C04F79EFBC}") = "MariaWebApp", "MariaWebApp\MariaWebApp.csproj", "{F2159E50-1E61-4709-BB2D-63FA98B1541A}"
EndProject
Global
	GlobalSection(SolutionConfigurationPlatforms) = preSolution
		Debug|Any CPU = Debug|Any CPU
		Release|Any CPU = Release|Any CPU
	EndGlobalSection
	GlobalSection(ProjectConfigurationPlatforms) = postSolution
		{F2159E50-1E61-4709-BB2D-63FA98B1541A}.Debug|Any CPU.ActiveCfg = Debug|Any CPU
		{F2159E50-1E61-4709-BB2D-63FA98B1541A}.Debug|Any CPU.Build.0 = Debug|Any CPU
		{F2159E50-1E61-4709-BB2D-63FA98B1541A}.Release|Any CPU.ActiveCfg = Release|Any CPU
		{F2159E50-1E61-4709-BB2D-63FA98B1541A}.Release|Any CPU.Build.0 = Release|Any CPU
	EndGlobalSection
	GlobalSection(SolutionProperties) = preSolution
		HideSolutionNode = FALSE
	EndGlobalSection
	GlobalSection(ExtensibilityGlobals) = postSolution
		SolutionGuid = {5ED8D145-2106-41E4-8145-04F3EA8059C1}
	EndGlobalSection
EndGlobal
